
Microsoft Visual Studio Solution File, Format Version 11.00
# Visual Studio 2010
Project("{FAE04EC0-301F-11D3-BF4B-00C04F79EFBC}") = "CotacaoBovespa", "CotacaoBovespa\CotacaoBovespa.csproj", "{37A18959-83DA-4583-964D-22238415E4FE}"
EndProject
Project("{FAE04EC0-301F-11D3-BF4B-00C04F79EFBC}") = "CotacaoBovespa.Tests", "CotacaoBovespa.Tests\CotacaoBovespa.Tests.csproj", "{F2DA85F6-BB1A-4995-9002-CA3E485B0088}"
EndProject
Global
	GlobalSection(SolutionConfigurationPlatforms) = preSolution
		Debug|Any CPU = Debug|Any CPU
		Release|Any CPU = Release|Any CPU
	EndGlobalSection
	GlobalSection(ProjectConfigurationPlatforms) = postSolution
		{37A18959-83DA-4583-964D-22238415E4FE}.Debug|Any CPU.ActiveCfg = Debug|Any CPU
		{37A18959-83DA-4583-964D-22238415E4FE}.Debug|Any CPU.Build.0 = Debug|Any CPU
		{37A18959-83DA-4583-964D-22238415E4FE}.Release|Any CPU.ActiveCfg = Release|Any CPU
		{37A18959-83DA-4583-964D-22238415E4FE}.Release|Any CPU.Build.0 = Release|Any CPU
		{F2DA85F6-BB1A-4995-9002-CA3E485B0088}.Debug|Any CPU.ActiveCfg = Debug|Any CPU
		{F2DA85F6-BB1A-4995-9002-CA3E485B0088}.Debug|Any CPU.Build.0 = Debug|Any CPU
		{F2DA85F6-BB1A-4995-9002-CA3E485B0088}.Release|Any CPU.ActiveCfg = Release|Any CPU
		{F2DA85F6-BB1A-4995-9002-CA3E485B0088}.Release|Any CPU.Build.0 = Release|Any CPU
	EndGlobalSection
	GlobalSection(SolutionProperties) = preSolution
		HideSolutionNode = FALSE
	EndGlobalSection
EndGlobal
